// !$*UTF8*$!
{
	archiveVersion = 1;
	classes = {
	};
	objectVersion = 50;
	objects = {

/* Begin PBXBuildFile section */
		D1F6C7F423F9E8110065012B /* AppDelegate.swift in Sources */ = {isa = PBXBuildFile; fileRef = D1F6C7F323F9E8110065012B /* AppDelegate.swift */; };
		D1F6C7F623F9E8110065012B /* SceneDelegate.swift in Sources */ = {isa = PBXBuildFile; fileRef = D1F6C7F523F9E8110065012B /* SceneDelegate.swift */; };
		D1F6C7F823F9E8110065012B /* ViewController.swift in Sources */ = {isa = PBXBuildFile; fileRef = D1F6C7F723F9E8110065012B /* ViewController.swift */; };
		D1F6C7FB23F9E8110065012B /* Main.storyboard in Resources */ = {isa = PBXBuildFile; fileRef = D1F6C7F923F9E8110065012B /* Main.storyboard */; };
		D1F6C7FD23F9E8120065012B /* Assets.xcassets in Resources */ = {isa = PBXBuildFile; fileRef = D1F6C7FC23F9E8120065012B /* Assets.xcassets */; };
		D1F6C80023F9E8120065012B /* LaunchScreen.storyboard in Resources */ = {isa = PBXBuildFile; fileRef = D1F6C7FE23F9E8120065012B /* LaunchScreen.storyboard */; };
/* End PBXBuildFile section */

/* Begin PBXFileReference section */
		D1F6C7F023F9E8110065012B /* PrimalityTestApp.app */ = {isa = PBXFileReference; explicitFileType = wrapper.application; includeInIndex = 0; path = PrimalityTestApp.app; sourceTree = BUILT_PRODUCTS_DIR; };
		D1F6C7F323F9E8110065012B /* AppDelegate.swift */ = {isa = PBXFileReference; lastKnownFileType = sourcecode.swift; path = AppDelegate.swift; sourceTree = "<group>"; };
		D1F6C7F523F9E8110065012B /* SceneDelegate.swift */ = {isa = PBXFileReference; lastKnownFileType = sourcecode.swift; path = SceneDelegate.swift; sourceTree = "<group>"; };
		D1F6C7F723F9E8110065012B /* ViewController.swift */ = {isa = PBXFileReference; lastKnownFileType = sourcecode.swift; path = ViewController.swift; sourceTree = "<group>"; };
		D1F6C7FA23F9E8110065012B /* Base */ = {isa = PBXFileReference; lastKnownFileType = file.storyboard; name = Base; path = Base.lproj/Main.storyboard; sourceTree = "<group>"; };
		D1F6C7FC23F9E8120065012B /* Assets.xcassets */ = {isa = PBXFileReference; lastKnownFileType = folder.assetcatalog; path = Assets.xcassets; sourceTree = "<group>"; };
		D1F6C7FF23F9E8120065012B /* Base */ = {isa = PBXFileReference; lastKnownFileType = file.storyboard; name = Base; path = Base.lproj/LaunchScreen.storyboard; sourceTree = "<group>"; };
		D1F6C80123F9E8120065012B /* Info.plist */ = {isa = PBXFileReference; lastKnownFileType = text.plist.xml; path = Info.plist; sourceTree = "<group>"; };
/* End PBXFileReference section */

/* Begin PBXFrameworksBuildPhase section */
		D1F6C7ED23F9E8110065012B /* Frameworks */ = {
			isa = PBXFrameworksBuildPhase;
			buildActionMask = 2147483647;
			files = (
			);
			runOnlyForDeploymentPostprocessing = 0;
		};
/* End PBXFrameworksBuildPhase section */

/* Begin PBXGroup section */
		D1F6C7E723F9E8110065012B = {
			isa = PBXGroup;
			children = (
				D1F6C7F223F9E8110065012B /* PrimalityTestApp */,
				D1F6C7F123F9E8110065012B /* Products */,
			);
			sourceTree = "<group>";
		};
		D1F6C7F123F9E8110065012B /* Products */ = {
			isa = PBXGroup;
			children = (
				D1F6C7F023F9E8110065012B /* PrimalityTestApp.app */,
			);
			name = Products;
			sourceTree = "<group>";
		};
		D1F6C7F223F9E8110065012B /* PrimalityTestApp */ = {
			isa = PBXGroup;
			children = (
				D1F6C7F323F9E8110065012B /* AppDelegate.swift */,
				D1F6C7F523F9E8110065012B /* SceneDelegate.swift */,
				D1F6C7F723F9E8110065012B /* ViewController.swift */,
				D1F6C7F923F9E8110065012B /* Main.storyboard */,
				D1F6C7FC23F9E8120065012B /* Assets.xcassets */,
				D1F6C7FE23F9E8120065012B /* LaunchScreen.storyboard */,
				D1F6C80123F9E8120065012B /* Info.plist */,
			);
			path = PrimalityTestApp;
			sourceTree = "<group>";
		};
/* End PBXGroup section */

/* Begin PBXNativeTarget section */
		D1F6C7EF23F9E8110065012B /* PrimalityTestApp */ = {
			isa = PBXNativeTarget;
			buildConfigurationList = D1F6C80423F9E8120065012B /* Build configuration list for PBXNativeTarget "PrimalityTestApp" */;
			buildPhases = (
				D1F6C7EC23F9E8110065012B /* Sources */,
				D1F6C7ED23F9E8110065012B /* Frameworks */,
				D1F6C7EE23F9E8110065012B /* Resources */,
			);
			buildRules = (
			);
			dependencies = (
			);
			name = PrimalityTestApp;
			productName = PrimalityTestApp;
			productReference = D1F6C7F023F9E8110065012B /* PrimalityTestApp.app */;
			productType = "com.apple.product-type.application";
		};
/* End PBXNativeTarget section */

/* Begin PBXProject section */
		D1F6C7E823F9E8110065012B /* Project object */ = {
			isa = PBXProject;
			attributes = {
				LastSwiftUpdateCheck = 1130;
				LastUpgradeCheck = 1130;
				ORGANIZATIONNAME = "Aoyagi Hiroki";
				TargetAttributes = {
					D1F6C7EF23F9E8110065012B = {
						CreatedOnToolsVersion = 11.3.1;
					};
				};
			};
			buildConfigurationList = D1F6C7EB23F9E8110065012B /* Build configuration list for PBXProject "PrimalityTestApp" */;
			compatibilityVersion = "Xcode 9.3";
			developmentRegion = en;
			hasScannedForEncodings = 0;
			knownRegions = (
				en,
				Base,
			);
			mainGroup = D1F6C7E723F9E8110065012B;
			productRefGroup = D1F6C7F123F9E8110065012B /* Products */;
			projectDirPath = "";
			projectRoot = "";
			targets = (
				D1F6C7EF23F9E8110065012B /* PrimalityTestApp */,
			);
		};
/* End PBXProject section */

/* Begin PBXResourcesBuildPhase section */
		D1F6C7EE23F9E8110065012B /* Resources */ = {
			isa = PBXResourcesBuildPhase;
			buildActionMask = 2147483647;
			files = (
				D1F6C80023F9E8120065012B /* LaunchScreen.storyboard in Resources */,
				D1F6C7FD23F9E8120065012B /* Assets.xcassets in Resources */,
				D1F6C7FB23F9E8110065012B /* Main.storyboard in Resources */,
			);
			runOnlyForDeploymentPostprocessing = 0;
		};
/* End PBXResourcesBuildPhase section */

/* Begin PBXSourcesBuildPhase section */
		D1F6C7EC23F9E8110065012B /* Sources */ = {
			isa = PBXSourcesBuildPhase;
			buildActionMask = 2147483647;
			files = (
				D1F6C7F823F9E8110065012B /* ViewController.swift in Sources */,
				D1F6C7F423F9E8110065012B /* AppDelegate.swift in Sources */,
				D1F6C7F623F9E8110065012B /* SceneDelegate.swift in Sources */,
			);
			runOnlyForDeploymentPostprocessing = 0;
		};
/* End PBXSourcesBuildPhase section */

/* Begin PBXVariantGroup section */
		D1F6C7F923F9E8110065012B /* Main.storyboard */ = {
			isa = PBXVariantGroup;
			children = (
				D1F6C7FA23F9E8110065012B /* Base */,
			);
			name = Main.storyboard;
			sourceTree = "<group>";
		};
		D1F6C7FE23F9E8120065012B /* LaunchScreen.storyboard */ = {
			isa = PBXVariantGroup;
			children = (
				D1F6C7FF23F9E8120065012B /* Base */,
			);
			name = LaunchScreen.storyboard;
			sourceTree = "<group>";
		};
/* End PBXVariantGroup section */

/* Begin XCBuildConfiguration section */
		D1F6C80223F9E8120065012B /* Debug */ = {
			isa = XCBuildConfiguration;
			buildSettings = {
				ALWAYS_SEARCH_USER_PATHS = NO;
				CLANG_ANALYZER_NONNULL = YES;
				CLANG_ANALYZER_NUMBER_OBJECT_CONVERSION = YES_AGGRESSIVE;
				CLANG_CXX_LANGUAGE_STANDARD = "gnu++14";
				CLANG_CXX_LIBRARY = "libc++";
				CLANG_ENABLE_MODULES = YES;
				CLANG_ENABLE_OBJC_ARC = YES;
				CLANG_ENABLE_OBJC_WEAK = YES;
				CLANG_WARN_BLOCK_CAPTURE_AUTORELEASING = YES;
				CLANG_WARN_BOOL_CONVERSION = YES;
				CLANG_WARN_COMMA = YES;
				CLANG_WARN_CONSTANT_CONVERSION = YES;
				CLANG_WARN_DEPRECATED_OBJC_IMPLEMENTATIONS = YES;
				CLANG_WARN_DIRECT_OBJC_ISA_USAGE = YES_ERROR;
				CLANG_WARN_DOCUMENTATION_COMMENTS = YES;
				CLANG_WARN_EMPTY_BODY = YES;
				CLANG_WARN_ENUM_CONVERSION = YES;
				CLANG_WARN_INFINITE_RECURSION = YES;
				CLANG_WARN_INT_CONVERSION = YES;
				CLANG_WARN_NON_LITERAL_NULL_CONVERSION = YES;
				CLANG_WARN_OBJC_IMPLICIT_RETAIN_SELF = YES;
				CLANG_WARN_OBJC_LITERAL_CONVERSION = YES;
				CLANG_WARN_OBJC_ROOT_CLASS = YES_ERROR;
				CLANG_WARN_RANGE_LOOP_ANALYSIS = YES;
				CLANG_WARN_STRICT_PROTOTYPES = YES;
				CLANG_WARN_SUSPICIOUS_MOVE = YES;
				CLANG_WARN_UNGUARDED_AVAILABILITY = YES_AGGRESSIVE;
				CLANG_WARN_UNREACHABLE_CODE = YES;
				CLANG_WARN__DUPLICATE_METHOD_MATCH = YES;
				COPY_PHASE_STRIP = NO;
				DEBUG_INFORMATION_FORMAT = dwarf;
				ENABLE_STRICT_OBJC_MSGSEND = YES;
				ENABLE_TESTABILITY = YES;
				GCC_C_LANGUAGE_STANDARD = gnu11;
				GCC_DYNAMIC_NO_PIC = NO;
				GCC_NO_COMMON_BLOCKS = YES;
				GCC_OPTIMIZATION_LEVEL = 0;
				GCC_PREPROCESSOR_DEFINITIONS = (
					"DEBUG=1",
					"$(inherited)",
				);
				GCC_WARN_64_TO_32_BIT_CONVERSION = YES;
				GCC_WARN_ABOUT_RETURN_TYPE = YES_ERROR;
				GCC_WARN_UNDECLARED_SELECTOR = YES;
				GCC_WARN_UNINITIALIZED_AUTOS = YES_AGGRESSIVE;
				GCC_WARN_UNUSED_FUNCTION = YES;
				GCC_WARN_UNUSED_VARIABLE = YES;
				IPHONEOS_DEPLOYMENT_TARGET = 13.2;
				MTL_ENABLE_DEBUG_INFO = INCLUDE_SOURCE;
				MTL_FAST_MATH = YES;
				ONLY_ACTIVE_ARCH = YES;
				SDKROOT = iphoneos;
				SWIFT_ACTIVE_COMPILATION_CONDITIONS = DEBUG;
				SWIFT_OPTIMIZATION_LEVEL = "-Onone";
			};
			name = Debug;
		};
		D1F6C80323F9E8120065012B /* Release */ = {
			isa = XCBuildConfiguration;
			buildSettings = {
				ALWAYS_SEARCH_USER_PATHS = NO;
				CLANG_ANALYZER_NONNULL = YES;
				CLANG_ANALYZER_NUMBER_OBJECT_CONVERSION = YES_AGGRESSIVE;
				CLANG_CXX_LANGUAGE_STANDARD = "gnu++14";
				CLANG_CXX_LIBRARY = "libc++";
				CLANG_ENABLE_MODULES = YES;
				CLANG_ENABLE_OBJC_ARC = YES;
				CLANG_ENABLE_OBJC_WEAK = YES;
				CLANG_WARN_BLOCK_CAPTURE_AUTORELEASING = YES;
				CLANG_WARN_BOOL_CONVERSION = YES;
				CLANG_WARN_COMMA = YES;
				CLANG_WARN_CONSTANT_CONVERSION = YES;
				CLANG_WARN_DEPRECATED_OBJC_IMPLEMENTATIONS = YES;
				CLANG_WARN_DIRECT_OBJC_ISA_USAGE = YES_ERROR;
				CLANG_WARN_DOCUMENTATION_COMMENTS = YES;
				CLANG_WARN_EMPTY_BODY = YES;
				CLANG_WARN_ENUM_CONVERSION = YES;
				CLANG_WARN_INFINITE_RECURSION = YES;
				CLANG_WARN_INT_CONVERSION = YES;
				CLANG_WARN_NON_LITERAL_NULL_CONVERSION = YES;
				CLANG_WARN_OBJC_IMPLICIT_RETAIN_SELF = YES;
				CLANG_WARN_OBJC_LITERAL_CONVERSION = YES;
				CLANG_WARN_OBJC_ROOT_CLASS = YES_ERROR;
				CLANG_WARN_RANGE_LOOP_ANALYSIS = YES;
				CLANG_WARN_STRICT_PROTOTYPES = YES;
				CLANG_WARN_SUSPICIOUS_MOVE = YES;
				CLANG_WARN_UNGUARDED_AVAILABILITY = YES_AGGRESSIVE;
				CLANG_WARN_UNREACHABLE_CODE = YES;
				CLANG_WARN__DUPLICATE_METHOD_MATCH = YES;
				COPY_PHASE_STRIP = NO;
				DEBUG_INFORMATION_FORMAT = "dwarf-with-dsym";
				ENABLE_NS_ASSERTIONS = NO;
				ENABLE_STRICT_OBJC_MSGSEND = YES;
				GCC_C_LANGUAGE_STANDARD = gnu11;
				GCC_NO_COMMON_BLOCKS = YES;
				GCC_WARN_64_TO_32_BIT_CONVERSION = YES;
				GCC_WARN_ABOUT_RETURN_TYPE = YES_ERROR;
				GCC_WARN_UNDECLARED_SELECTOR = YES;
				GCC_WARN_UNINITIALIZED_AUTOS = YES_AGGRESSIVE;
				GCC_WARN_UNUSED_FUNCTION = YES;
				GCC_WARN_UNUSED_VARIABLE = YES;
				IPHONEOS_DEPLOYMENT_TARGET = 13.2;
				MTL_ENABLE_DEBUG_INFO = NO;
				MTL_FAST_MATH = YES;
				SDKROOT = iphoneos;
				SWIFT_COMPILATION_MODE = wholemodule;
				SWIFT_OPTIMIZATION_LEVEL = "-O";
				VALIDATE_PRODUCT = YES;
			};
			name = Release;
		};
		D1F6C80523F9E8120065012B /* Debug */ = {
			isa = XCBuildConfiguration;
			buildSettings = {
				ASSETCATALOG_COMPILER_APPICON_NAME = AppIcon;
				CODE_SIGN_STYLE = Automatic;
				INFOPLIST_FILE = PrimalityTestApp/Info.plist;
				LD_RUNPATH_SEARCH_PATHS = (
					"$(inherited)",
					"@executable_path/Frameworks",
				);
				PRODUCT_BUNDLE_IDENTIFIER = com.aoyagih.PrimalityTestApp;
				PRODUCT_NAME = "$(TARGET_NAME)";
				SWIFT_VERSION = 5.0;
				TARGETED_DEVICE_FAMILY = "1,2";
			};
			name = Debug;
		};
		D1F6C80623F9E8120065012B /* Release */ = {
			isa = XCBuildConfiguration;
			buildSettings = {
				ASSETCATALOG_COMPILER_APPICON_NAME = AppIcon;
				CODE_SIGN_STYLE = Automatic;
				INFOPLIST_FILE = PrimalityTestApp/Info.plist;
				LD_RUNPATH_SEARCH_PATHS = (
					"$(inherited)",
					"@executable_path/Frameworks",
				);
				PRODUCT_BUNDLE_IDENTIFIER = com.aoyagih.PrimalityTestApp;
				PRODUCT_NAME = "$(TARGET_NAME)";
				SWIFT_VERSION = 5.0;
				TARGETED_DEVICE_FAMILY = "1,2";
			};
			name = Release;
		};
/* End XCBuildConfiguration section */

/* Begin XCConfigurationList section */
		D1F6C7EB23F9E8110065012B /* Build configuration list for PBXProject "PrimalityTestApp" */ = {
			isa = XCConfigurationList;
			buildConfigurations = (
				D1F6C80223F9E8120065012B /* Debug */,
				D1F6C80323F9E8120065012B /* Release */,
			);
			defaultConfigurationIsVisible = 0;
			defaultConfigurationName = Release;
		};
		D1F6C80423F9E8120065012B /* Build configuration list for PBXNativeTarget "PrimalityTestApp" */ = {
			isa = XCConfigurationList;
			buildConfigurations = (
				D1F6C80523F9E8120065012B /* Debug */,
				D1F6C80623F9E8120065012B /* Release */,
			);
			defaultConfigurationIsVisible = 0;
			defaultConfigurationName = Release;
		};
/* End XCConfigurationList section */
	};
	rootObject = D1F6C7E823F9E8110065012B /* Project object */;
}
